
Microsoft Visual Studio Solution File, Format Version 12.00
Project("{2150E333-8FDC-42A3-9474-1A3956D46DE8}") = "src", "src", "{827E0CD3-B72D-47B6-A68D-7590B98EB39B}"
EndProject
Project("{2150E333-8FDC-42A3-9474-1A3956D46DE8}") = "BuildingBlocks", "BuildingBlocks", "{90298CBA-BD6F-3A0A-69D5-97CAD7B05E7E}"
EndProject
Project("{FAE04EC0-301F-11D3-BF4B-00C04F79EFBC}") = "PetHotel.BuildingBlocks", "src\BuildingBlocks\PetHotel.BuildingBlocks\PetHotel.BuildingBlocks.csproj", "{3642A9D2-9BC2-454B-BF85-24D521717FAB}"
EndProject
Project("{FAE04EC0-301F-11D3-BF4B-00C04F79EFBC}") = "PetHotel.SharedKernel", "src\BuildingBlocks\PetHotel.SharedKernel\PetHotel.SharedKernel.csproj", "{F40BA610-FE27-49EE-8F78-FF3152B250E5}"
EndProject
Project("{2150E333-8FDC-42A3-9474-1A3956D46DE8}") = "Modules", "Modules", "{EC447DCF-ABFA-6E24-52A5-D7FD48A5C558}"
EndProject
Project("{2150E333-8FDC-42A3-9474-1A3956D46DE8}") = "Booking", "Booking", "{FC0D8A46-3DC7-E91E-C357-28F70C4DB3C6}"
EndProject
Project("{FAE04EC0-301F-11D3-BF4B-00C04F79EFBC}") = "PetHotel.Booking.Application", "src\Modules\Booking\PetHotel.Booking.Application\PetHotel.Booking.Application.csproj", "{174C22CE-7DF0-40A1-9519-055BA9A4404A}"
EndProject
Project("{FAE04EC0-301F-11D3-BF4B-00C04F79EFBC}") = "PetHotel.Booking.Domain", "src\Modules\Booking\PetHotel.Booking.Domain\PetHotel.Booking.Domain.csproj", "{630EFD34-7D08-4201-B141-7F925AA9F2C4}"
EndProject
Project("{FAE04EC0-301F-11D3-BF4B-00C04F79EFBC}") = "PetHotel.Booking.Infrastructure", "src\Modules\Booking\PetHotel.Booking.Infrastructure\PetHotel.Booking.Infrastructure.csproj", "{3D2FE7AC-9C86-4D46-8CA9-F8F0BA8FF7C8}"
EndProject
Project("{2150E333-8FDC-42A3-9474-1A3956D46DE8}") = "Health", "Health", "{5C8A8AC6-589C-57E2-718B-9C9CBE8FBE33}"
EndProject
Project("{FAE04EC0-301F-11D3-BF4B-00C04F79EFBC}") = "PetHotel.Health.Application", "src\Modules\Health\PetHotel.Health.Application\PetHotel.Health.Application.csproj", "{8FB82FB7-EA0E-4FD1-AD9A-CB2E73137582}"
EndProject
Project("{FAE04EC0-301F-11D3-BF4B-00C04F79EFBC}") = "PetHotel.Health.Domain", "src\Modules\Health\PetHotel.Health.Domain\PetHotel.Health.Domain.csproj", "{C74D5DB2-FEB4-4588-8987-A0A806901631}"
EndProject
Project("{FAE04EC0-301F-11D3-BF4B-00C04F79EFBC}") = "PetHotel.Health.Infrastructure", "src\Modules\Health\PetHotel.Health.Infrastructure\PetHotel.Health.Infrastructure.csproj", "{6E3BCB13-D500-4B23-8BBA-491BC41B069D}"
EndProject
Project("{2150E333-8FDC-42A3-9474-1A3956D46DE8}") = "Registry", "Registry", "{8716C185-23BD-6C8E-C199-AC9DE5FEC508}"
EndProject
Project("{FAE04EC0-301F-11D3-BF4B-00C04F79EFBC}") = "PetHotel.Registry.Application", "src\Modules\Registry\PetHotel.Registry.Application\PetHotel.Registry.Application.csproj", "{2FEFA330-0DE3-4072-832E-ABF689B60D5F}"
EndProject
Project("{FAE04EC0-301F-11D3-BF4B-00C04F79EFBC}") = "PetHotel.Registry.Domain", "src\Modules\Registry\PetHotel.Registry.Domain\PetHotel.Registry.Domain.csproj", "{9F1E6192-EF51-44D3-9196-BA0FBCD54999}"
EndProject
Project("{FAE04EC0-301F-11D3-BF4B-00C04F79EFBC}") = "PetHotel.Registry.Infrastructure", "src\Modules\Registry\PetHotel.Registry.Infrastructure\PetHotel.Registry.Infrastructure.csproj", "{F80D9266-9497-4EA2-9DED-B2E68F923BB2}"
EndProject
Project("{2150E333-8FDC-42A3-9474-1A3956D46DE8}") = "Tenancy", "Tenancy", "{4229EDB8-0862-B55E-9945-90D59FE8EB87}"
EndProject
Project("{FAE04EC0-301F-11D3-BF4B-00C04F79EFBC}") = "PetHotel.Tenancy.Application", "src\Modules\Tenancy\PetHotel.Tenancy.Application\PetHotel.Tenancy.Application.csproj", "{FA6FFE72-24C6-48A5-93E5-C75558161DD6}"
EndProject
Project("{FAE04EC0-301F-11D3-BF4B-00C04F79EFBC}") = "PetHotel.Tenancy.Domain", "src\Modules\Tenancy\PetHotel.Tenancy.Domain\PetHotel.Tenancy.Domain.csproj", "{CC48895B-C8AA-47E0-B03D-B48876C76FE3}"
EndProject
Project("{FAE04EC0-301F-11D3-BF4B-00C04F79EFBC}") = "PetHotel.Tenancy.Infrastructure", "src\Modules\Tenancy\PetHotel.Tenancy.Infrastructure\PetHotel.Tenancy.Infrastructure.csproj", "{0B516EDD-BF61-4596-B33D-F05D512A3D3F}"
EndProject
Project("{FAE04EC0-301F-11D3-BF4B-00C04F79EFBC}") = "PetHotel.Api", "src\PetHotel.Api\PetHotel.Api.csproj", "{323BF24D-ECB8-40BE-BEEE-88137220FEBF}"
EndProject
Project("{2150E333-8FDC-42A3-9474-1A3956D46DE8}") = "tests", "tests", "{0AB3BF05-4346-4AA6-1389-037BE0695223}"
EndProject
Project("{FAE04EC0-301F-11D3-BF4B-00C04F79EFBC}") = "PetHotel.ArchitectureTests", "tests\PetHotel.ArchitectureTests\PetHotel.ArchitectureTests.csproj", "{26133F1B-A418-422E-8007-39E4F7420AD4}"
EndProject
Project("{FAE04EC0-301F-11D3-BF4B-00C04F79EFBC}") = "PetHotel.Booking.UnitTests", "tests\PetHotel.Booking.UnitTests\PetHotel.Booking.UnitTests.csproj", "{FA011DF4-9790-495F-BA5A-A8ACB9AA0E92}"
EndProject
Project("{FAE04EC0-301F-11D3-BF4B-00C04F79EFBC}") = "PetHotel.Health.UnitTests", "tests\PetHotel.Health.UnitTests\PetHotel.Health.UnitTests.csproj", "{11F4F86F-2E4A-42F0-92C0-82BB7CB16F2F}"
EndProject
Project("{FAE04EC0-301F-11D3-BF4B-00C04F79EFBC}") = "PetHotel.IntegrationTests", "tests\PetHotel.IntegrationTests\PetHotel.IntegrationTests.csproj", "{FBCBEC94-E961-4F92-B164-28F1BD98EC67}"
EndProject
Project("{FAE04EC0-301F-11D3-BF4B-00C04F79EFBC}") = "PetHotel.Registry.UnitTests", "tests\PetHotel.Registry.UnitTests\PetHotel.Registry.UnitTests.csproj", "{BC18F116-FBC1-4BCE-9B15-65F043EBEB8F}"
EndProject
Project("{FAE04EC0-301F-11D3-BF4B-00C04F79EFBC}") = "PetHotel.Tenancy.UnitTests", "tests\PetHotel.Tenancy.UnitTests\PetHotel.Tenancy.UnitTests.csproj", "{1E319D84-5983-4B64-B06C-9790FC786B8B}"
EndProject
Global
	GlobalSection(SolutionConfigurationPlatforms) = preSolution
		Debug|Any CPU = Debug|Any CPU
		Debug|x64 = Debug|x64
		Debug|x86 = Debug|x86
		Release|Any CPU = Release|Any CPU
		Release|x64 = Release|x64
		Release|x86 = Release|x86
	EndGlobalSection
	GlobalSection(ProjectConfigurationPlatforms) = postSolution
		{3642A9D2-9BC2-454B-BF85-24D521717FAB}.Debug|Any CPU.ActiveCfg = Debug|Any CPU
		{3642A9D2-9BC2-454B-BF85-24D521717FAB}.Debug|Any CPU.Build.0 = Debug|Any CPU
		{3642A9D2-9BC2-454B-BF85-24D521717FAB}.Debug|x64.ActiveCfg = Debug|Any CPU
		{3642A9D2-9BC2-454B-BF85-24D521717FAB}.Debug|x64.Build.0 = Debug|Any CPU
		{3642A9D2-9BC2-454B-BF85-24D521717FAB}.Debug|x86.ActiveCfg = Debug|Any CPU
		{3642A9D2-9BC2-454B-BF85-24D521717FAB}.Debug|x86.Build.0 = Debug|Any CPU
		{3642A9D2-9BC2-454B-BF85-24D521717FAB}.Release|Any CPU.ActiveCfg = Release|Any CPU
		{3642A9D2-9BC2-454B-BF85-24D521717FAB}.Release|Any CPU.Build.0 = Release|Any CPU
		{3642A9D2-9BC2-454B-BF85-24D521717FAB}.Release|x64.ActiveCfg = Release|Any CPU
		{3642A9D2-9BC2-454B-BF85-24D521717FAB}.Release|x64.Build.0 = Release|Any CPU
		{3642A9D2-9BC2-454B-BF85-24D521717FAB}.Release|x86.ActiveCfg = Release|Any CPU
		{3642A9D2-9BC2-454B-BF85-24D521717FAB}.Release|x86.Build.0 = Release|Any CPU
		{F40BA610-FE27-49EE-8F78-FF3152B250E5}.Debug|Any CPU.ActiveCfg = Debug|Any CPU
		{F40BA610-FE27-49EE-8F78-FF3152B250E5}.Debug|Any CPU.Build.0 = Debug|Any CPU
		{F40BA610-FE27-49EE-8F78-FF3152B250E5}.Debug|x64.ActiveCfg = Debug|Any CPU
		{F40BA610-FE27-49EE-8F78-FF3152B250E5}.Debug|x64.Build.0 = Debug|Any CPU
		{F40BA610-FE27-49EE-8F78-FF3152B250E5}.Debug|x86.ActiveCfg = Debug|Any CPU
		{F40BA610-FE27-49EE-8F78-FF3152B250E5}.Debug|x86.Build.0 = Debug|Any CPU
		{F40BA610-FE27-49EE-8F78-FF3152B250E5}.Release|Any CPU.ActiveCfg = Release|Any CPU
		{F40BA610-FE27-49EE-8F78-FF3152B250E5}.Release|Any CPU.Build.0 = Release|Any CPU
		{F40BA610-FE27-49EE-8F78-FF3152B250E5}.Release|x64.ActiveCfg = Release|Any CPU
		{F40BA610-FE27-49EE-8F78-FF3152B250E5}.Release|x64.Build.0 = Release|Any CPU
		{F40BA610-FE27-49EE-8F78-FF3152B250E5}.Release|x86.ActiveCfg = Release|Any CPU
		{F40BA610-FE27-49EE-8F78-FF3152B250E5}.Release|x86.Build.0 = Release|Any CPU
		{174C22CE-7DF0-40A1-9519-055BA9A4404A}.Debug|Any CPU.ActiveCfg = Debug|Any CPU
		{174C22CE-7DF0-40A1-9519-055BA9A4404A}.Debug|Any CPU.Build.0 = Debug|Any CPU
		{174C22CE-7DF0-40A1-9519-055BA9A4404A}.Debug|x64.ActiveCfg = Debug|Any CPU
		{174C22CE-7DF0-40A1-9519-055BA9A4404A}.Debug|x64.Build.0 = Debug|Any CPU
		{174C22CE-7DF0-40A1-9519-055BA9A4404A}.Debug|x86.ActiveCfg = Debug|Any CPU
		{174C22CE-7DF0-40A1-9519-055BA9A4404A}.Debug|x86.Build.0 = Debug|Any CPU
		{174C22CE-7DF0-40A1-9519-055BA9A4404A}.Release|Any CPU.ActiveCfg = Release|Any CPU
		{174C22CE-7DF0-40A1-9519-055BA9A4404A}.Release|Any CPU.Build.0 = Release|Any CPU
		{174C22CE-7DF0-40A1-9519-055BA9A4404A}.Release|x64.ActiveCfg = Release|Any CPU
		{174C22CE-7DF0-40A1-9519-055BA9A4404A}.Release|x64.Build.0 = Release|Any CPU
		{174C22CE-7DF0-40A1-9519-055BA9A4404A}.Release|x86.ActiveCfg = Release|Any CPU
		{174C22CE-7DF0-40A1-9519-055BA9A4404A}.Release|x86.Build.0 = Release|Any CPU
		{630EFD34-7D08-4201-B141-7F925AA9F2C4}.Debug|Any CPU.ActiveCfg = Debug|Any CPU
		{630EFD34-7D08-4201-B141-7F925AA9F2C4}.Debug|Any CPU.Build.0 = Debug|Any CPU
		{630EFD34-7D08-4201-B141-7F925AA9F2C4}.Debug|x64.ActiveCfg = Debug|Any CPU
		{630EFD34-7D08-4201-B141-7F925AA9F2C4}.Debug|x64.Build.0 = Debug|Any CPU
		{630EFD34-7D08-4201-B141-7F925AA9F2C4}.Debug|x86.ActiveCfg = Debug|Any CPU
		{630EFD34-7D08-4201-B141-7F925AA9F2C4}.Debug|x86.Build.0 = Debug|Any CPU
		{630EFD34-7D08-4201-B141-7F925AA9F2C4}.Release|Any CPU.ActiveCfg = Release|Any CPU
		{630EFD34-7D08-4201-B141-7F925AA9F2C4}.Release|Any CPU.Build.0 = Release|Any CPU
		{630EFD34-7D08-4201-B141-7F925AA9F2C4}.Release|x64.ActiveCfg = Release|Any CPU
		{630EFD34-7D08-4201-B141-7F925AA9F2C4}.Release|x64.Build.0 = Release|Any CPU
		{630EFD34-7D08-4201-B141-7F925AA9F2C4}.Release|x86.ActiveCfg = Release|Any CPU
		{630EFD34-7D08-4201-B141-7F925AA9F2C4}.Release|x86.Build.0 = Release|Any CPU
		{3D2FE7AC-9C86-4D46-8CA9-F8F0BA8FF7C8}.Debug|Any CPU.ActiveCfg = Debug|Any CPU
		{3D2FE7AC-9C86-4D46-8CA9-F8F0BA8FF7C8}.Debug|Any CPU.Build.0 = Debug|Any CPU
		{3D2FE7AC-9C86-4D46-8CA9-F8F0BA8FF7C8}.Debug|x64.ActiveCfg = Debug|Any CPU
		{3D2FE7AC-9C86-4D46-8CA9-F8F0BA8FF7C8}.Debug|x64.Build.0 = Debug|Any CPU
		{3D2FE7AC-9C86-4D46-8CA9-F8F0BA8FF7C8}.Debug|x86.ActiveCfg = Debug|Any CPU
		{3D2FE7AC-9C86-4D46-8CA9-F8F0BA8FF7C8}.Debug|x86.Build.0 = Debug|Any CPU
		{3D2FE7AC-9C86-4D46-8CA9-F8F0BA8FF7C8}.Release|Any CPU.ActiveCfg = Release|Any CPU
		{3D2FE7AC-9C86-4D46-8CA9-F8F0BA8FF7C8}.Release|Any CPU.Build.0 = Release|Any CPU
		{3D2FE7AC-9C86-4D46-8CA9-F8F0BA8FF7C8}.Release|x64.ActiveCfg = Release|Any CPU
		{3D2FE7AC-9C86-4D46-8CA9-F8F0BA8FF7C8}.Release|x64.Build.0 = Release|Any CPU
		{3D2FE7AC-9C86-4D46-8CA9-F8F0BA8FF7C8}.Release|x86.ActiveCfg = Release|Any CPU
		{3D2FE7AC-9C86-4D46-8CA9-F8F0BA8FF7C8}.Release|x86.Build.0 = Release|Any CPU
		{8FB82FB7-EA0E-4FD1-AD9A-CB2E73137582}.Debug|Any CPU.ActiveCfg = Debug|Any CPU
		{8FB82FB7-EA0E-4FD1-AD9A-CB2E73137582}.Debug|Any CPU.Build.0 = Debug|Any CPU
		{8FB82FB7-EA0E-4FD1-AD9A-CB2E73137582}.Debug|x64.ActiveCfg = Debug|Any CPU
		{8FB82FB7-EA0E-4FD1-AD9A-CB2E73137582}.Debug|x64.Build.0 = Debug|Any CPU
		{8FB82FB7-EA0E-4FD1-AD9A-CB2E73137582}.Debug|x86.ActiveCfg = Debug|Any CPU
		{8FB82FB7-EA0E-4FD1-AD9A-CB2E73137582}.Debug|x86.Build.0 = Debug|Any CPU
		{8FB82FB7-EA0E-4FD1-AD9A-CB2E73137582}.Release|Any CPU.ActiveCfg = Release|Any CPU
		{8FB82FB7-EA0E-4FD1-AD9A-CB2E73137582}.Release|Any CPU.Build.0 = Release|Any CPU
		{8FB82FB7-EA0E-4FD1-AD9A-CB2E73137582}.Release|x64.ActiveCfg = Release|Any CPU
		{8FB82FB7-EA0E-4FD1-AD9A-CB2E73137582}.Release|x64.Build.0 = Release|Any CPU
		{8FB82FB7-EA0E-4FD1-AD9A-CB2E73137582}.Release|x86.ActiveCfg = Release|Any CPU
		{8FB82FB7-EA0E-4FD1-AD9A-CB2E73137582}.Release|x86.Build.0 = Release|Any CPU
		{C74D5DB2-FEB4-4588-8987-A0A806901631}.Debug|Any CPU.ActiveCfg = Debug|Any CPU
		{C74D5DB2-FEB4-4588-8987-A0A806901631}.Debug|Any CPU.Build.0 = Debug|Any CPU
		{C74D5DB2-FEB4-4588-8987-A0A806901631}.Debug|x64.ActiveCfg = Debug|Any CPU
		{C74D5DB2-FEB4-4588-8987-A0A806901631}.Debug|x64.Build.0 = Debug|Any CPU
		{C74D5DB2-FEB4-4588-8987-A0A806901631}.Debug|x86.ActiveCfg = Debug|Any CPU
		{C74D5DB2-FEB4-4588-8987-A0A806901631}.Debug|x86.Build.0 = Debug|Any CPU
		{C74D5DB2-FEB4-4588-8987-A0A806901631}.Release|Any CPU.ActiveCfg = Release|Any CPU
		{C74D5DB2-FEB4-4588-8987-A0A806901631}.Release|Any CPU.Build.0 = Release|Any CPU
		{C74D5DB2-FEB4-4588-8987-A0A806901631}.Release|x64.ActiveCfg = Release|Any CPU
		{C74D5DB2-FEB4-4588-8987-A0A806901631}.Release|x64.Build.0 = Release|Any CPU
		{C74D5DB2-FEB4-4588-8987-A0A806901631}.Release|x86.ActiveCfg = Release|Any CPU
		{C74D5DB2-FEB4-4588-8987-A0A806901631}.Release|x86.Build.0 = Release|Any CPU
		{6E3BCB13-D500-4B23-8BBA-491BC41B069D}.Debug|Any CPU.ActiveCfg = Debug|Any CPU
		{6E3BCB13-D500-4B23-8BBA-491BC41B069D}.Debug|Any CPU.Build.0 = Debug|Any CPU
		{6E3BCB13-D500-4B23-8BBA-491BC41B069D}.Debug|x64.ActiveCfg = Debug|Any CPU
		{6E3BCB13-D500-4B23-8BBA-491BC41B069D}.Debug|x64.Build.0 = Debug|Any CPU
		{6E3BCB13-D500-4B23-8BBA-491BC41B069D}.Debug|x86.ActiveCfg = Debug|Any CPU
		{6E3BCB13-D500-4B23-8BBA-491BC41B069D}.Debug|x86.Build.0 = Debug|Any CPU
		{6E3BCB13-D500-4B23-8BBA-491BC41B069D}.Release|Any CPU.ActiveCfg = Release|Any CPU
		{6E3BCB13-D500-4B23-8BBA-491BC41B069D}.Release|Any CPU.Build.0 = Release|Any CPU
		{6E3BCB13-D500-4B23-8BBA-491BC41B069D}.Release|x64.ActiveCfg = Release|Any CPU
		{6E3BCB13-D500-4B23-8BBA-491BC41B069D}.Release|x64.Build.0 = Release|Any CPU
		{6E3BCB13-D500-4B23-8BBA-491BC41B069D}.Release|x86.ActiveCfg = Release|Any CPU
		{6E3BCB13-D500-4B23-8BBA-491BC41B069D}.Release|x86.Build.0 = Release|Any CPU
		{2FEFA330-0DE3-4072-832E-ABF689B60D5F}.Debug|Any CPU.ActiveCfg = Debug|Any CPU
		{2FEFA330-0DE3-4072-832E-ABF689B60D5F}.Debug|Any CPU.Build.0 = Debug|Any CPU
		{2FEFA330-0DE3-4072-832E-ABF689B60D5F}.Debug|x64.ActiveCfg = Debug|Any CPU
		{2FEFA330-0DE3-4072-832E-ABF689B60D5F}.Debug|x64.Build.0 = Debug|Any CPU
		{2FEFA330-0DE3-4072-832E-ABF689B60D5F}.Debug|x86.ActiveCfg = Debug|Any CPU
		{2FEFA330-0DE3-4072-832E-ABF689B60D5F}.Debug|x86.Build.0 = Debug|Any CPU
		{2FEFA330-0DE3-4072-832E-ABF689B60D5F}.Release|Any CPU.ActiveCfg = Release|Any CPU
		{2FEFA330-0DE3-4072-832E-ABF689B60D5F}.Release|Any CPU.Build.0 = Release|Any CPU
		{2FEFA330-0DE3-4072-832E-ABF689B60D5F}.Release|x64.ActiveCfg = Release|Any CPU
		{2FEFA330-0DE3-4072-832E-ABF689B60D5F}.Release|x64.Build.0 = Release|Any CPU
		{2FEFA330-0DE3-4072-832E-ABF689B60D5F}.Release|x86.ActiveCfg = Release|Any CPU
		{2FEFA330-0DE3-4072-832E-ABF689B60D5F}.Release|x86.Build.0 = Release|Any CPU
		{9F1E6192-EF51-44D3-9196-BA0FBCD54999}.Debug|Any CPU.ActiveCfg = Debug|Any CPU
		{9F1E6192-EF51-44D3-9196-BA0FBCD54999}.Debug|Any CPU.Build.0 = Debug|Any CPU
		{9F1E6192-EF51-44D3-9196-BA0FBCD54999}.Debug|x64.ActiveCfg = Debug|Any CPU
		{9F1E6192-EF51-44D3-9196-BA0FBCD54999}.Debug|x64.Build.0 = Debug|Any CPU
		{9F1E6192-EF51-44D3-9196-BA0FBCD54999}.Debug|x86.ActiveCfg = Debug|Any CPU
		{9F1E6192-EF51-44D3-9196-BA0FBCD54999}.Debug|x86.Build.0 = Debug|Any CPU
		{9F1E6192-EF51-44D3-9196-BA0FBCD54999}.Release|Any CPU.ActiveCfg = Release|Any CPU
		{9F1E6192-EF51-44D3-9196-BA0FBCD54999}.Release|Any CPU.Build.0 = Release|Any CPU
		{9F1E6192-EF51-44D3-9196-BA0FBCD54999}.Release|x64.ActiveCfg = Release|Any CPU
		{9F1E6192-EF51-44D3-9196-BA0FBCD54999}.Release|x64.Build.0 = Release|Any CPU
		{9F1E6192-EF51-44D3-9196-BA0FBCD54999}.Release|x86.ActiveCfg = Release|Any CPU
		{9F1E6192-EF51-44D3-9196-BA0FBCD54999}.Release|x86.Build.0 = Release|Any CPU
		{F80D9266-9497-4EA2-9DED-B2E68F923BB2}.Debug|Any CPU.ActiveCfg = Debug|Any CPU
		{F80D9266-9497-4EA2-9DED-B2E68F923BB2}.Debug|Any CPU.Build.0 = Debug|Any CPU
		{F80D9266-9497-4EA2-9DED-B2E68F923BB2}.Debug|x64.ActiveCfg = Debug|Any CPU
		{F80D9266-9497-4EA2-9DED-B2E68F923BB2}.Debug|x64.Build.0 = Debug|Any CPU
		{F80D9266-9497-4EA2-9DED-B2E68F923BB2}.Debug|x86.ActiveCfg = Debug|Any CPU
		{F80D9266-9497-4EA2-9DED-B2E68F923BB2}.Debug|x86.Build.0 = Debug|Any CPU
		{F80D9266-9497-4EA2-9DED-B2E68F923BB2}.Release|Any CPU.ActiveCfg = Release|Any CPU
		{F80D9266-9497-4EA2-9DED-B2E68F923BB2}.Release|Any CPU.Build.0 = Release|Any CPU
		{F80D9266-9497-4EA2-9DED-B2E68F923BB2}.Release|x64.ActiveCfg = Release|Any CPU
		{F80D9266-9497-4EA2-9DED-B2E68F923BB2}.Release|x64.Build.0 = Release|Any CPU
		{F80D9266-9497-4EA2-9DED-B2E68F923BB2}.Release|x86.ActiveCfg = Release|Any CPU
		{F80D9266-9497-4EA2-9DED-B2E68F923BB2}.Release|x86.Build.0 = Release|Any CPU
		{FA6FFE72-24C6-48A5-93E5-C75558161DD6}.Debug|Any CPU.ActiveCfg = Debug|Any CPU
		{FA6FFE72-24C6-48A5-93E5-C75558161DD6}.Debug|Any CPU.Build.0 = Debug|Any CPU
		{FA6FFE72-24C6-48A5-93E5-C75558161DD6}.Debug|x64.ActiveCfg = Debug|Any CPU
		{FA6FFE72-24C6-48A5-93E5-C75558161DD6}.Debug|x64.Build.0 = Debug|Any CPU
		{FA6FFE72-24C6-48A5-93E5-C75558161DD6}.Debug|x86.ActiveCfg = Debug|Any CPU
		{FA6FFE72-24C6-48A5-93E5-C75558161DD6}.Debug|x86.Build.0 = Debug|Any CPU
		{FA6FFE72-24C6-48A5-93E5-C75558161DD6}.Release|Any CPU.ActiveCfg = Release|Any CPU
		{FA6FFE72-24C6-48A5-93E5-C75558161DD6}.Release|Any CPU.Build.0 = Release|Any CPU
		{FA6FFE72-24C6-48A5-93E5-C75558161DD6}.Release|x64.ActiveCfg = Release|Any CPU
		{FA6FFE72-24C6-48A5-93E5-C75558161DD6}.Release|x64.Build.0 = Release|Any CPU
		{FA6FFE72-24C6-48A5-93E5-C75558161DD6}.Release|x86.ActiveCfg = Release|Any CPU
		{FA6FFE72-24C6-48A5-93E5-C75558161DD6}.Release|x86.Build.0 = Release|Any CPU
		{CC48895B-C8AA-47E0-B03D-B48876C76FE3}.Debug|Any CPU.ActiveCfg = Debug|Any CPU
		{CC48895B-C8AA-47E0-B03D-B48876C76FE3}.Debug|Any CPU.Build.0 = Debug|Any CPU
		{CC48895B-C8AA-47E0-B03D-B48876C76FE3}.Debug|x64.ActiveCfg = Debug|Any CPU
		{CC48895B-C8AA-47E0-B03D-B48876C76FE3}.Debug|x64.Build.0 = Debug|Any CPU
		{CC48895B-C8AA-47E0-B03D-B48876C76FE3}.Debug|x86.ActiveCfg = Debug|Any CPU
		{CC48895B-C8AA-47E0-B03D-B48876C76FE3}.Debug|x86.Build.0 = Debug|Any CPU
		{CC48895B-C8AA-47E0-B03D-B48876C76FE3}.Release|Any CPU.ActiveCfg = Release|Any CPU
		{CC48895B-C8AA-47E0-B03D-B48876C76FE3}.Release|Any CPU.Build.0 = Release|Any CPU
		{CC48895B-C8AA-47E0-B03D-B48876C76FE3}.Release|x64.ActiveCfg = Release|Any CPU
		{CC48895B-C8AA-47E0-B03D-B48876C76FE3}.Release|x64.Build.0 = Release|Any CPU
		{CC48895B-C8AA-47E0-B03D-B48876C76FE3}.Release|x86.ActiveCfg = Release|Any CPU
		{CC48895B-C8AA-47E0-B03D-B48876C76FE3}.Release|x86.Build.0 = Release|Any CPU
		{0B516EDD-BF61-4596-B33D-F05D512A3D3F}.Debug|Any CPU.ActiveCfg = Debug|Any CPU
		{0B516EDD-BF61-4596-B33D-F05D512A3D3F}.Debug|Any CPU.Build.0 = Debug|Any CPU
		{0B516EDD-BF61-4596-B33D-F05D512A3D3F}.Debug|x64.ActiveCfg = Debug|Any CPU
		{0B516EDD-BF61-4596-B33D-F05D512A3D3F}.Debug|x64.Build.0 = Debug|Any CPU
		{0B516EDD-BF61-4596-B33D-F05D512A3D3F}.Debug|x86.ActiveCfg = Debug|Any CPU
		{0B516EDD-BF61-4596-B33D-F05D512A3D3F}.Debug|x86.Build.0 = Debug|Any CPU
		{0B516EDD-BF61-4596-B33D-F05D512A3D3F}.Release|Any CPU.ActiveCfg = Release|Any CPU
		{0B516EDD-BF61-4596-B33D-F05D512A3D3F}.Release|Any CPU.Build.0 = Release|Any CPU
		{0B516EDD-BF61-4596-B33D-F05D512A3D3F}.Release|x64.ActiveCfg = Release|Any CPU
		{0B516EDD-BF61-4596-B33D-F05D512A3D3F}.Release|x64.Build.0 = Release|Any CPU
		{0B516EDD-BF61-4596-B33D-F05D512A3D3F}.Release|x86.ActiveCfg = Release|Any CPU
		{0B516EDD-BF61-4596-B33D-F05D512A3D3F}.Release|x86.Build.0 = Release|Any CPU
		{323BF24D-ECB8-40BE-BEEE-88137220FEBF}.Debug|Any CPU.ActiveCfg = Debug|Any CPU
		{323BF24D-ECB8-40BE-BEEE-88137220FEBF}.Debug|Any CPU.Build.0 = Debug|Any CPU
		{323BF24D-ECB8-40BE-BEEE-88137220FEBF}.Debug|x64.ActiveCfg = Debug|Any CPU
		{323BF24D-ECB8-40BE-BEEE-88137220FEBF}.Debug|x64.Build.0 = Debug|Any CPU
		{323BF24D-ECB8-40BE-BEEE-88137220FEBF}.Debug|x86.ActiveCfg = Debug|Any CPU
		{323BF24D-ECB8-40BE-BEEE-88137220FEBF}.Debug|x86.Build.0 = Debug|Any CPU
		{323BF24D-ECB8-40BE-BEEE-88137220FEBF}.Release|Any CPU.ActiveCfg = Release|Any CPU
		{323BF24D-ECB8-40BE-BEEE-88137220FEBF}.Release|Any CPU.Build.0 = Release|Any CPU
		{323BF24D-ECB8-40BE-BEEE-88137220FEBF}.Release|x64.ActiveCfg = Release|Any CPU
		{323BF24D-ECB8-40BE-BEEE-88137220FEBF}.Release|x64.Build.0 = Release|Any CPU
		{323BF24D-ECB8-40BE-BEEE-88137220FEBF}.Release|x86.ActiveCfg = Release|Any CPU
		{323BF24D-ECB8-40BE-BEEE-88137220FEBF}.Release|x86.Build.0 = Release|Any CPU
		{26133F1B-A418-422E-8007-39E4F7420AD4}.Debug|Any CPU.ActiveCfg = Debug|Any CPU
		{26133F1B-A418-422E-8007-39E4F7420AD4}.Debug|Any CPU.Build.0 = Debug|Any CPU
		{26133F1B-A418-422E-8007-39E4F7420AD4}.Debug|x64.ActiveCfg = Debug|Any CPU
		{26133F1B-A418-422E-8007-39E4F7420AD4}.Debug|x64.Build.0 = Debug|Any CPU
		{26133F1B-A418-422E-8007-39E4F7420AD4}.Debug|x86.ActiveCfg = Debug|Any CPU
		{26133F1B-A418-422E-8007-39E4F7420AD4}.Debug|x86.Build.0 = Debug|Any CPU
		{26133F1B-A418-422E-8007-39E4F7420AD4}.Release|Any CPU.ActiveCfg = Release|Any CPU
		{26133F1B-A418-422E-8007-39E4F7420AD4}.Release|Any CPU.Build.0 = Release|Any CPU
		{26133F1B-A418-422E-8007-39E4F7420AD4}.Release|x64.ActiveCfg = Release|Any CPU
		{26133F1B-A418-422E-8007-39E4F7420AD4}.Release|x64.Build.0 = Release|Any CPU
		{26133F1B-A418-422E-8007-39E4F7420AD4}.Release|x86.ActiveCfg = Release|Any CPU
		{26133F1B-A418-422E-8007-39E4F7420AD4}.Release|x86.Build.0 = Release|Any CPU
		{FA011DF4-9790-495F-BA5A-A8ACB9AA0E92}.Debug|Any CPU.ActiveCfg = Debug|Any CPU
		{FA011DF4-9790-495F-BA5A-A8ACB9AA0E92}.Debug|Any CPU.Build.0 = Debug|Any CPU
		{FA011DF4-9790-495F-BA5A-A8ACB9AA0E92}.Debug|x64.ActiveCfg = Debug|Any CPU
		{FA011DF4-9790-495F-BA5A-A8ACB9AA0E92}.Debug|x64.Build.0 = Debug|Any CPU
		{FA011DF4-9790-495F-BA5A-A8ACB9AA0E92}.Debug|x86.ActiveCfg = Debug|Any CPU
		{FA011DF4-9790-495F-BA5A-A8ACB9AA0E92}.Debug|x86.Build.0 = Debug|Any CPU
		{FA011DF4-9790-495F-BA5A-A8ACB9AA0E92}.Release|Any CPU.ActiveCfg = Release|Any CPU
		{FA011DF4-9790-495F-BA5A-A8ACB9AA0E92}.Release|Any CPU.Build.0 = Release|Any CPU
		{FA011DF4-9790-495F-BA5A-A8ACB9AA0E92}.Release|x64.ActiveCfg = Release|Any CPU
		{FA011DF4-9790-495F-BA5A-A8ACB9AA0E92}.Release|x64.Build.0 = Release|Any CPU
		{FA011DF4-9790-495F-BA5A-A8ACB9AA0E92}.Release|x86.ActiveCfg = Release|Any CPU
		{FA011DF4-9790-495F-BA5A-A8ACB9AA0E92}.Release|x86.Build.0 = Release|Any CPU
		{11F4F86F-2E4A-42F0-92C0-82BB7CB16F2F}.Debug|Any CPU.ActiveCfg = Debug|Any CPU
		{11F4F86F-2E4A-42F0-92C0-82BB7CB16F2F}.Debug|Any CPU.Build.0 = Debug|Any CPU
		{11F4F86F-2E4A-42F0-92C0-82BB7CB16F2F}.Debug|x64.ActiveCfg = Debug|Any CPU
		{11F4F86F-2E4A-42F0-92C0-82BB7CB16F2F}.Debug|x64.Build.0 = Debug|Any CPU
		{11F4F86F-2E4A-42F0-92C0-82BB7CB16F2F}.Debug|x86.ActiveCfg = Debug|Any CPU
		{11F4F86F-2E4A-42F0-92C0-82BB7CB16F2F}.Debug|x86.Build.0 = Debug|Any CPU
		{11F4F86F-2E4A-42F0-92C0-82BB7CB16F2F}.Release|Any CPU.ActiveCfg = Release|Any CPU
		{11F4F86F-2E4A-42F0-92C0-82BB7CB16F2F}.Release|Any CPU.Build.0 = Release|Any CPU
		{11F4F86F-2E4A-42F0-92C0-82BB7CB16F2F}.Release|x64.ActiveCfg = Release|Any CPU
		{11F4F86F-2E4A-42F0-92C0-82BB7CB16F2F}.Release|x64.Build.0 = Release|Any CPU
		{11F4F86F-2E4A-42F0-92C0-82BB7CB16F2F}.Release|x86.ActiveCfg = Release|Any CPU
		{11F4F86F-2E4A-42F0-92C0-82BB7CB16F2F}.Release|x86.Build.0 = Release|Any CPU
		{FBCBEC94-E961-4F92-B164-28F1BD98EC67}.Debug|Any CPU.ActiveCfg = Debug|Any CPU
		{FBCBEC94-E961-4F92-B164-28F1BD98EC67}.Debug|Any CPU.Build.0 = Debug|Any CPU
		{FBCBEC94-E961-4F92-B164-28F1BD98EC67}.Debug|x64.ActiveCfg = Debug|Any CPU
		{FBCBEC94-E961-4F92-B164-28F1BD98EC67}.Debug|x64.Build.0 = Debug|Any CPU
		{FBCBEC94-E961-4F92-B164-28F1BD98EC67}.Debug|x86.ActiveCfg = Debug|Any CPU
		{FBCBEC94-E961-4F92-B164-28F1BD98EC67}.Debug|x86.Build.0 = Debug|Any CPU
		{FBCBEC94-E961-4F92-B164-28F1BD98EC67}.Release|Any CPU.ActiveCfg = Release|Any CPU
		{FBCBEC94-E961-4F92-B164-28F1BD98EC67}.Release|Any CPU.Build.0 = Release|Any CPU
		{FBCBEC94-E961-4F92-B164-28F1BD98EC67}.Release|x64.ActiveCfg = Release|Any CPU
		{FBCBEC94-E961-4F92-B164-28F1BD98EC67}.Release|x64.Build.0 = Release|Any CPU
		{FBCBEC94-E961-4F92-B164-28F1BD98EC67}.Release|x86.ActiveCfg = Release|Any CPU
		{FBCBEC94-E961-4F92-B164-28F1BD98EC67}.Release|x86.Build.0 = Release|Any CPU
		{BC18F116-FBC1-4BCE-9B15-65F043EBEB8F}.Debug|Any CPU.ActiveCfg = Debug|Any CPU
		{BC18F116-FBC1-4BCE-9B15-65F043EBEB8F}.Debug|Any CPU.Build.0 = Debug|Any CPU
		{BC18F116-FBC1-4BCE-9B15-65F043EBEB8F}.Debug|x64.ActiveCfg = Debug|Any CPU
		{BC18F116-FBC1-4BCE-9B15-65F043EBEB8F}.Debug|x64.Build.0 = Debug|Any CPU
		{BC18F116-FBC1-4BCE-9B15-65F043EBEB8F}.Debug|x86.ActiveCfg = Debug|Any CPU
		{BC18F116-FBC1-4BCE-9B15-65F043EBEB8F}.Debug|x86.Build.0 = Debug|Any CPU
		{BC18F116-FBC1-4BCE-9B15-65F043EBEB8F}.Release|Any CPU.ActiveCfg = Release|Any CPU
		{BC18F116-FBC1-4BCE-9B15-65F043EBEB8F}.Release|Any CPU.Build.0 = Release|Any CPU
		{BC18F116-FBC1-4BCE-9B15-65F043EBEB8F}.Release|x64.ActiveCfg = Release|Any CPU
		{BC18F116-FBC1-4BCE-9B15-65F043EBEB8F}.Release|x64.Build.0 = Release|Any CPU
		{BC18F116-FBC1-4BCE-9B15-65F043EBEB8F}.Release|x86.ActiveCfg = Release|Any CPU
		{BC18F116-FBC1-4BCE-9B15-65F043EBEB8F}.Release|x86.Build.0 = Release|Any CPU
		{1E319D84-5983-4B64-B06C-9790FC786B8B}.Debug|Any CPU.ActiveCfg = Debug|Any CPU
		{1E319D84-5983-4B64-B06C-9790FC786B8B}.Debug|Any CPU.Build.0 = Debug|Any CPU
		{1E319D84-5983-4B64-B06C-9790FC786B8B}.Debug|x64.ActiveCfg = Debug|Any CPU
		{1E319D84-5983-4B64-B06C-9790FC786B8B}.Debug|x64.Build.0 = Debug|Any CPU
		{1E319D84-5983-4B64-B06C-9790FC786B8B}.Debug|x86.ActiveCfg = Debug|Any CPU
		{1E319D84-5983-4B64-B06C-9790FC786B8B}.Debug|x86.Build.0 = Debug|Any CPU
		{1E319D84-5983-4B64-B06C-9790FC786B8B}.Release|Any CPU.ActiveCfg = Release|Any CPU
		{1E319D84-5983-4B64-B06C-9790FC786B8B}.Release|Any CPU.Build.0 = Release|Any CPU
		{1E319D84-5983-4B64-B06C-9790FC786B8B}.Release|x64.ActiveCfg = Release|Any CPU
		{1E319D84-5983-4B64-B06C-9790FC786B8B}.Release|x64.Build.0 = Release|Any CPU
		{1E319D84-5983-4B64-B06C-9790FC786B8B}.Release|x86.ActiveCfg = Release|Any CPU
		{1E319D84-5983-4B64-B06C-9790FC786B8B}.Release|x86.Build.0 = Release|Any CPU
	EndGlobalSection
	GlobalSection(SolutionProperties) = preSolution
		HideSolutionNode = FALSE
	EndGlobalSection
	GlobalSection(NestedProjects) = preSolution
		{90298CBA-BD6F-3A0A-69D5-97CAD7B05E7E} = {827E0CD3-B72D-47B6-A68D-7590B98EB39B}
		{3642A9D2-9BC2-454B-BF85-24D521717FAB} = {90298CBA-BD6F-3A0A-69D5-97CAD7B05E7E}
		{F40BA610-FE27-49EE-8F78-FF3152B250E5} = {90298CBA-BD6F-3A0A-69D5-97CAD7B05E7E}
		{EC447DCF-ABFA-6E24-52A5-D7FD48A5C558} = {827E0CD3-B72D-47B6-A68D-7590B98EB39B}
		{FC0D8A46-3DC7-E91E-C357-28F70C4DB3C6} = {EC447DCF-ABFA-6E24-52A5-D7FD48A5C558}
		{174C22CE-7DF0-40A1-9519-055BA9A4404A} = {FC0D8A46-3DC7-E91E-C357-28F70C4DB3C6}
		{630EFD34-7D08-4201-B141-7F925AA9F2C4} = {FC0D8A46-3DC7-E91E-C357-28F70C4DB3C6}
		{3D2FE7AC-9C86-4D46-8CA9-F8F0BA8FF7C8} = {FC0D8A46-3DC7-E91E-C357-28F70C4DB3C6}
		{5C8A8AC6-589C-57E2-718B-9C9CBE8FBE33} = {EC447DCF-ABFA-6E24-52A5-D7FD48A5C558}
		{8FB82FB7-EA0E-4FD1-AD9A-CB2E73137582} = {5C8A8AC6-589C-57E2-718B-9C9CBE8FBE33}
		{C74D5DB2-FEB4-4588-8987-A0A806901631} = {5C8A8AC6-589C-57E2-718B-9C9CBE8FBE33}
		{6E3BCB13-D500-4B23-8BBA-491BC41B069D} = {5C8A8AC6-589C-57E2-718B-9C9CBE8FBE33}
		{8716C185-23BD-6C8E-C199-AC9DE5FEC508} = {EC447DCF-ABFA-6E24-52A5-D7FD48A5C558}
		{2FEFA330-0DE3-4072-832E-ABF689B60D5F} = {8716C185-23BD-6C8E-C199-AC9DE5FEC508}
		{9F1E6192-EF51-44D3-9196-BA0FBCD54999} = {8716C185-23BD-6C8E-C199-AC9DE5FEC508}
		{F80D9266-9497-4EA2-9DED-B2E68F923BB2} = {8716C185-23BD-6C8E-C199-AC9DE5FEC508}
		{4229EDB8-0862-B55E-9945-90D59FE8EB87} = {EC447DCF-ABFA-6E24-52A5-D7FD48A5C558}
		{FA6FFE72-24C6-48A5-93E5-C75558161DD6} = {4229EDB8-0862-B55E-9945-90D59FE8EB87}
		{CC48895B-C8AA-47E0-B03D-B48876C76FE3} = {4229EDB8-0862-B55E-9945-90D59FE8EB87}
		{0B516EDD-BF61-4596-B33D-F05D512A3D3F} = {4229EDB8-0862-B55E-9945-90D59FE8EB87}
		{323BF24D-ECB8-40BE-BEEE-88137220FEBF} = {827E0CD3-B72D-47B6-A68D-7590B98EB39B}
		{26133F1B-A418-422E-8007-39E4F7420AD4} = {0AB3BF05-4346-4AA6-1389-037BE0695223}
		{FA011DF4-9790-495F-BA5A-A8ACB9AA0E92} = {0AB3BF05-4346-4AA6-1389-037BE0695223}
		{11F4F86F-2E4A-42F0-92C0-82BB7CB16F2F} = {0AB3BF05-4346-4AA6-1389-037BE0695223}
		{FBCBEC94-E961-4F92-B164-28F1BD98EC67} = {0AB3BF05-4346-4AA6-1389-037BE0695223}
		{BC18F116-FBC1-4BCE-9B15-65F043EBEB8F} = {0AB3BF05-4346-4AA6-1389-037BE0695223}
		{1E319D84-5983-4B64-B06C-9790FC786B8B} = {0AB3BF05-4346-4AA6-1389-037BE0695223}
	EndGlobalSection
EndGlobal
